
Microsoft Visual Studio Solution File, Format Version 12.00
# Visual Studio 15
VisualStudioVersion = 15.0.26730.16
MinimumVisualStudioVersion = 10.0.40219.1
Project("{9A19103F-16F7-4668-BE54-9A1E7A4F7556}") = "BookingService", "BookingService\BookingService.csproj", "{A8947170-FEF9-4E0D-83B1-930AA5056737}"
EndProject
Project("{9A19103F-16F7-4668-BE54-9A1E7A4F7556}") = "BookingService.Tests", "BookingService.Tests\BookingService.Tests.csproj", "{2D4CE114-9269-4B38-98CA-3C7F7EB38C62}"
EndProject
Global
	GlobalSection(SolutionConfigurationPlatforms) = preSolution
		Debug|Any CPU = Debug|Any CPU
		Release|Any CPU = Release|Any CPU
	EndGlobalSection
	GlobalSection(ProjectConfigurationPlatforms) = postSolution
		{A8947170-FEF9-4E0D-83B1-930AA5056737}.Debug|Any CPU.ActiveCfg = Debug|Any CPU
		{A8947170-FEF9-4E0D-83B1-930AA5056737}.Debug|Any CPU.Build.0 = Debug|Any CPU
		{A8947170-FEF9-4E0D-83B1-930AA5056737}.Release|Any CPU.ActiveCfg = Release|Any CPU
		{A8947170-FEF9-4E0D-83B1-930AA5056737}.Release|Any CPU.Build.0 = Release|Any CPU
		{2D4CE114-9269-4B38-98CA-3C7F7EB38C62}.Debug|Any CPU.ActiveCfg = Debug|Any CPU
		{2D4CE114-9269-4B38-98CA-3C7F7EB38C62}.Debug|Any CPU.Build.0 = Debug|Any CPU
		{2D4CE114-9269-4B38-98CA-3C7F7EB38C62}.Release|Any CPU.ActiveCfg = Release|Any CPU
		{2D4CE114-9269-4B38-98CA-3C7F7EB38C62}.Release|Any CPU.Build.0 = Release|Any CPU
	EndGlobalSection
	GlobalSection(SolutionProperties) = preSolution
		HideSolutionNode = FALSE
	EndGlobalSection
	GlobalSection(ExtensibilityGlobals) = postSolution
		SolutionGuid = {E9E18564-722C-4D69-9AFC-BF23BC8B8004}
	EndGlobalSection
EndGlobal
